
Microsoft Visual Studio Solution File, Format Version 12.00
# Visual Studio Version 17
VisualStudioVersion = 17.5.33627.172
MinimumVisualStudioVersion = 10.0.40219.1
Project("{9A19103F-16F7-4668-BE54-9A1E7A4F7556}") = "Forge", "Forge\Forge.csproj", "{4CD94DFB-338B-44EE-A961-732D863381C8}"
EndProject
Project("{9A19103F-16F7-4668-BE54-9A1E7A4F7556}") = "Forge.Graphics", "Forge.Graphics\Forge.Graphics.csproj", "{381D259E-A4CB-4E17-A599-DCFBF5B06E3D}"
EndProject
Global
	GlobalSection(SolutionConfigurationPlatforms) = preSolution
		Debug|Any CPU = Debug|Any CPU
		Release|Any CPU = Release|Any CPU
	EndGlobalSection
	GlobalSection(ProjectConfigurationPlatforms) = postSolution
		{4CD94DFB-338B-44EE-A961-732D863381C8}.Debug|Any CPU.ActiveCfg = Debug|Any CPU
		{4CD94DFB-338B-44EE-A961-732D863381C8}.Debug|Any CPU.Build.0 = Debug|Any CPU
		{4CD94DFB-338B-44EE-A961-732D863381C8}.Release|Any CPU.ActiveCfg = Release|Any CPU
		{4CD94DFB-338B-44EE-A961-732D863381C8}.Release|Any CPU.Build.0 = Release|Any CPU
		{381D259E-A4CB-4E17-A599-DCFBF5B06E3D}.Debug|Any CPU.ActiveCfg = Debug|Any CPU
		{381D259E-A4CB-4E17-A599-DCFBF5B06E3D}.Debug|Any CPU.Build.0 = Debug|Any CPU
		{381D259E-A4CB-4E17-A599-DCFBF5B06E3D}.Release|Any CPU.ActiveCfg = Release|Any CPU
		{381D259E-A4CB-4E17-A599-DCFBF5B06E3D}.Release|Any CPU.Build.0 = Release|Any CPU
	EndGlobalSection
	GlobalSection(SolutionProperties) = preSolution
		HideSolutionNode = FALSE
	EndGlobalSection
	GlobalSection(ExtensibilityGlobals) = postSolution
		SolutionGuid = {C3A355B0-23A2-4A62-8C5C-A58BFE19CAFE}
	EndGlobalSection
EndGlobal
